// !$*UTF8*$!
{
	archiveVersion = 1;
	classes = {
	};
	objectVersion = 55;
	objects = {

/* Begin PBXBuildFile section */
		5E41796A287F9186008E9811 /* HostAppApp.swift in Sources */ = {isa = PBXBuildFile; fileRef = 5E417969287F9186008E9811 /* HostAppApp.swift */; };
		5E41796C287F9186008E9811 /* ContentView.swift in Sources */ = {isa = PBXBuildFile; fileRef = 5E41796B287F9186008E9811 /* ContentView.swift */; };
		5E41796E287F9187008E9811 /* Assets.xcassets in Resources */ = {isa = PBXBuildFile; fileRef = 5E41796D287F9187008E9811 /* Assets.xcassets */; };
		5E417971287F9187008E9811 /* Preview Assets.xcassets in Resources */ = {isa = PBXBuildFile; fileRef = 5E417970287F9187008E9811 /* Preview Assets.xcassets */; };
		5E41797B287F9187008E9811 /* HostAppTests.swift in Sources */ = {isa = PBXBuildFile; fileRef = 5E41797A287F9187008E9811 /* HostAppTests.swift */; };
		5E417985287F9187008E9811 /* HostAppUITests.swift in Sources */ = {isa = PBXBuildFile; fileRef = 5E417984287F9187008E9811 /* HostAppUITests.swift */; };
		5E417987287F9187008E9811 /* HostAppUITestsLaunchTests.swift in Sources */ = {isa = PBXBuildFile; fileRef = 5E417986287F9187008E9811 /* HostAppUITestsLaunchTests.swift */; };
		5E417996287F9206008E9811 /* Lager in Frameworks */ = {isa = PBXBuildFile; productRef = 5E417995287F9206008E9811 /* Lager */; };
		5E41799A287F9506008E9811 /* ActionPreviewView.swift in Sources */ = {isa = PBXBuildFile; fileRef = 5E417999287F9506008E9811 /* ActionPreviewView.swift */; };
/* End PBXBuildFile section */

/* Begin PBXContainerItemProxy section */
		5E417977287F9187008E9811 /* PBXContainerItemProxy */ = {
			isa = PBXContainerItemProxy;
			containerPortal = 5E41795E287F9186008E9811 /* Project object */;
			proxyType = 1;
			remoteGlobalIDString = 5E417965287F9186008E9811;
			remoteInfo = HostApp;
		};
		5E417981287F9187008E9811 /* PBXContainerItemProxy */ = {
			isa = PBXContainerItemProxy;
			containerPortal = 5E41795E287F9186008E9811 /* Project object */;
			proxyType = 1;
			remoteGlobalIDString = 5E417965287F9186008E9811;
			remoteInfo = HostApp;
		};
/* End PBXContainerItemProxy section */

/* Begin PBXFileReference section */
		5E417966287F9186008E9811 /* HostApp.app */ = {isa = PBXFileReference; explicitFileType = wrapper.application; includeInIndex = 0; path = HostApp.app; sourceTree = BUILT_PRODUCTS_DIR; };
		5E417969287F9186008E9811 /* HostAppApp.swift */ = {isa = PBXFileReference; lastKnownFileType = sourcecode.swift; path = HostAppApp.swift; sourceTree = "<group>"; };
		5E41796B287F9186008E9811 /* ContentView.swift */ = {isa = PBXFileReference; lastKnownFileType = sourcecode.swift; path = ContentView.swift; sourceTree = "<group>"; };
		5E41796D287F9187008E9811 /* Assets.xcassets */ = {isa = PBXFileReference; lastKnownFileType = folder.assetcatalog; path = Assets.xcassets; sourceTree = "<group>"; };
		5E417970287F9187008E9811 /* Preview Assets.xcassets */ = {isa = PBXFileReference; lastKnownFileType = folder.assetcatalog; path = "Preview Assets.xcassets"; sourceTree = "<group>"; };
		5E417976287F9187008E9811 /* HostAppTests.xctest */ = {isa = PBXFileReference; explicitFileType = wrapper.cfbundle; includeInIndex = 0; path = HostAppTests.xctest; sourceTree = BUILT_PRODUCTS_DIR; };
		5E41797A287F9187008E9811 /* HostAppTests.swift */ = {isa = PBXFileReference; lastKnownFileType = sourcecode.swift; path = HostAppTests.swift; sourceTree = "<group>"; };
		5E417980287F9187008E9811 /* HostAppUITests.xctest */ = {isa = PBXFileReference; explicitFileType = wrapper.cfbundle; includeInIndex = 0; path = HostAppUITests.xctest; sourceTree = BUILT_PRODUCTS_DIR; };
		5E417984287F9187008E9811 /* HostAppUITests.swift */ = {isa = PBXFileReference; lastKnownFileType = sourcecode.swift; path = HostAppUITests.swift; sourceTree = "<group>"; };
		5E417986287F9187008E9811 /* HostAppUITestsLaunchTests.swift */ = {isa = PBXFileReference; lastKnownFileType = sourcecode.swift; path = HostAppUITestsLaunchTests.swift; sourceTree = "<group>"; };
		5E417993287F91AE008E9811 /* Lager */ = {isa = PBXFileReference; lastKnownFileType = wrapper; name = Lager; path = ..; sourceTree = "<group>"; };
		5E417999287F9506008E9811 /* ActionPreviewView.swift */ = {isa = PBXFileReference; fileEncoding = 4; lastKnownFileType = sourcecode.swift; path = ActionPreviewView.swift; sourceTree = "<group>"; };
/* End PBXFileReference section */

/* Begin PBXFrameworksBuildPhase section */
		5E417963287F9186008E9811 /* Frameworks */ = {
			isa = PBXFrameworksBuildPhase;
			buildActionMask = 2147483647;
			files = (
				5E417996287F9206008E9811 /* Lager in Frameworks */,
			);
			runOnlyForDeploymentPostprocessing = 0;
		};
		5E417973287F9187008E9811 /* Frameworks */ = {
			isa = PBXFrameworksBuildPhase;
			buildActionMask = 2147483647;
			files = (
			);
			runOnlyForDeploymentPostprocessing = 0;
		};
		5E41797D287F9187008E9811 /* Frameworks */ = {
			isa = PBXFrameworksBuildPhase;
			buildActionMask = 2147483647;
			files = (
			);
			runOnlyForDeploymentPostprocessing = 0;
		};
/* End PBXFrameworksBuildPhase section */

/* Begin PBXGroup section */
		5E41795D287F9186008E9811 = {
			isa = PBXGroup;
			children = (
				5E417993287F91AE008E9811 /* Lager */,
				5E417968287F9186008E9811 /* HostApp */,
				5E417979287F9187008E9811 /* HostAppTests */,
				5E417983287F9187008E9811 /* HostAppUITests */,
				5E417967287F9186008E9811 /* Products */,
				5E417994287F9206008E9811 /* Frameworks */,
			);
			sourceTree = "<group>";
		};
		5E417967287F9186008E9811 /* Products */ = {
			isa = PBXGroup;
			children = (
				5E417966287F9186008E9811 /* HostApp.app */,
				5E417976287F9187008E9811 /* HostAppTests.xctest */,
				5E417980287F9187008E9811 /* HostAppUITests.xctest */,
			);
			name = Products;
			sourceTree = "<group>";
		};
		5E417968287F9186008E9811 /* HostApp */ = {
			isa = PBXGroup;
			children = (
				5E417999287F9506008E9811 /* ActionPreviewView.swift */,
				5E417969287F9186008E9811 /* HostAppApp.swift */,
				5E41796B287F9186008E9811 /* ContentView.swift */,
				5E41796D287F9187008E9811 /* Assets.xcassets */,
				5E41796F287F9187008E9811 /* Preview Content */,
			);
			path = HostApp;
			sourceTree = "<group>";
		};
		5E41796F287F9187008E9811 /* Preview Content */ = {
			isa = PBXGroup;
			children = (
				5E417970287F9187008E9811 /* Preview Assets.xcassets */,
			);
			path = "Preview Content";
			sourceTree = "<group>";
		};
		5E417979287F9187008E9811 /* HostAppTests */ = {
			isa = PBXGroup;
			children = (
				5E41797A287F9187008E9811 /* HostAppTests.swift */,
			);
			path = HostAppTests;
			sourceTree = "<group>";
		};
		5E417983287F9187008E9811 /* HostAppUITests */ = {
			isa = PBXGroup;
			children = (
				5E417984287F9187008E9811 /* HostAppUITests.swift */,
				5E417986287F9187008E9811 /* HostAppUITestsLaunchTests.swift */,
			);
			path = HostAppUITests;
			sourceTree = "<group>";
		};
		5E417994287F9206008E9811 /* Frameworks */ = {
			isa = PBXGroup;
			children = (
			);
			name = Frameworks;
			sourceTree = "<group>";
		};
/* End PBXGroup section */

/* Begin PBXNativeTarget section */
		5E417965287F9186008E9811 /* HostApp */ = {
			isa = PBXNativeTarget;
			buildConfigurationList = 5E41798A287F9187008E9811 /* Build configuration list for PBXNativeTarget "HostApp" */;
			buildPhases = (
				5E417962287F9186008E9811 /* Sources */,
				5E417963287F9186008E9811 /* Frameworks */,
				5E417964287F9186008E9811 /* Resources */,
			);
			buildRules = (
			);
			dependencies = (
			);
			name = HostApp;
			packageProductDependencies = (
				5E417995287F9206008E9811 /* Lager */,
			);
			productName = HostApp;
			productReference = 5E417966287F9186008E9811 /* HostApp.app */;
			productType = "com.apple.product-type.application";
		};
		5E417975287F9187008E9811 /* HostAppTests */ = {
			isa = PBXNativeTarget;
			buildConfigurationList = 5E41798D287F9187008E9811 /* Build configuration list for PBXNativeTarget "HostAppTests" */;
			buildPhases = (
				5E417972287F9187008E9811 /* Sources */,
				5E417973287F9187008E9811 /* Frameworks */,
				5E417974287F9187008E9811 /* Resources */,
			);
			buildRules = (
			);
			dependencies = (
				5E417978287F9187008E9811 /* PBXTargetDependency */,
			);
			name = HostAppTests;
			productName = HostAppTests;
			productReference = 5E417976287F9187008E9811 /* HostAppTests.xctest */;
			productType = "com.apple.product-type.bundle.unit-test";
		};
		5E41797F287F9187008E9811 /* HostAppUITests */ = {
			isa = PBXNativeTarget;
			buildConfigurationList = 5E417990287F9187008E9811 /* Build configuration list for PBXNativeTarget "HostAppUITests" */;
			buildPhases = (
				5E41797C287F9187008E9811 /* Sources */,
				5E41797D287F9187008E9811 /* Frameworks */,
				5E41797E287F9187008E9811 /* Resources */,
			);
			buildRules = (
			);
			dependencies = (
				5E417982287F9187008E9811 /* PBXTargetDependency */,
			);
			name = HostAppUITests;
			productName = HostAppUITests;
			productReference = 5E417980287F9187008E9811 /* HostAppUITests.xctest */;
			productType = "com.apple.product-type.bundle.ui-testing";
		};
/* End PBXNativeTarget section */

/* Begin PBXProject section */
		5E41795E287F9186008E9811 /* Project object */ = {
			isa = PBXProject;
			attributes = {
				BuildIndependentTargetsInParallel = 1;
				LastSwiftUpdateCheck = 1330;
				LastUpgradeCheck = 1330;
				TargetAttributes = {
					5E417965287F9186008E9811 = {
						CreatedOnToolsVersion = 13.3.1;
					};
					5E417975287F9187008E9811 = {
						CreatedOnToolsVersion = 13.3.1;
						TestTargetID = 5E417965287F9186008E9811;
					};
					5E41797F287F9187008E9811 = {
						CreatedOnToolsVersion = 13.3.1;
						TestTargetID = 5E417965287F9186008E9811;
					};
				};
			};
			buildConfigurationList = 5E417961287F9186008E9811 /* Build configuration list for PBXProject "HostApp" */;
			compatibilityVersion = "Xcode 13.0";
			developmentRegion = en;
			hasScannedForEncodings = 0;
			knownRegions = (
				en,
				Base,
			);
			mainGroup = 5E41795D287F9186008E9811;
			productRefGroup = 5E417967287F9186008E9811 /* Products */;
			projectDirPath = "";
			projectRoot = "";
			targets = (
				5E417965287F9186008E9811 /* HostApp */,
				5E417975287F9187008E9811 /* HostAppTests */,
				5E41797F287F9187008E9811 /* HostAppUITests */,
			);
		};
/* End PBXProject section */

/* Begin PBXResourcesBuildPhase section */
		5E417964287F9186008E9811 /* Resources */ = {
			isa = PBXResourcesBuildPhase;
			buildActionMask = 2147483647;
			files = (
				5E417971287F9187008E9811 /* Preview Assets.xcassets in Resources */,
				5E41796E287F9187008E9811 /* Assets.xcassets in Resources */,
			);
			runOnlyForDeploymentPostprocessing = 0;
		};
		5E417974287F9187008E9811 /* Resources */ = {
			isa = PBXResourcesBuildPhase;
			buildActionMask = 2147483647;
			files = (
			);
			runOnlyForDeploymentPostprocessing = 0;
		};
		5E41797E287F9187008E9811 /* Resources */ = {
			isa = PBXResourcesBuildPhase;
			buildActionMask = 2147483647;
			files = (
			);
			runOnlyForDeploymentPostprocessing = 0;
		};
/* End PBXResourcesBuildPhase section */

/* Begin PBXSourcesBuildPhase section */
		5E417962287F9186008E9811 /* Sources */ = {
			isa = PBXSourcesBuildPhase;
			buildActionMask = 2147483647;
			files = (
				5E41796C287F9186008E9811 /* ContentView.swift in Sources */,
				5E41799A287F9506008E9811 /* ActionPreviewView.swift in Sources */,
				5E41796A287F9186008E9811 /* HostAppApp.swift in Sources */,
			);
			runOnlyForDeploymentPostprocessing = 0;
		};
		5E417972287F9187008E9811 /* Sources */ = {
			isa = PBXSourcesBuildPhase;
			buildActionMask = 2147483647;
			files = (
				5E41797B287F9187008E9811 /* HostAppTests.swift in Sources */,
			);
			runOnlyForDeploymentPostprocessing = 0;
		};
		5E41797C287F9187008E9811 /* Sources */ = {
			isa = PBXSourcesBuildPhase;
			buildActionMask = 2147483647;
			files = (
				5E417987287F9187008E9811 /* HostAppUITestsLaunchTests.swift in Sources */,
				5E417985287F9187008E9811 /* HostAppUITests.swift in Sources */,
			);
			runOnlyForDeploymentPostprocessing = 0;
		};
/* End PBXSourcesBuildPhase section */

/* Begin PBXTargetDependency section */
		5E417978287F9187008E9811 /* PBXTargetDependency */ = {
			isa = PBXTargetDependency;
			target = 5E417965287F9186008E9811 /* HostApp */;
			targetProxy = 5E417977287F9187008E9811 /* PBXContainerItemProxy */;
		};
		5E417982287F9187008E9811 /* PBXTargetDependency */ = {
			isa = PBXTargetDependency;
			target = 5E417965287F9186008E9811 /* HostApp */;
			targetProxy = 5E417981287F9187008E9811 /* PBXContainerItemProxy */;
		};
/* End PBXTargetDependency section */

/* Begin XCBuildConfiguration section */
		5E417988287F9187008E9811 /* Debug */ = {
			isa = XCBuildConfiguration;
			buildSettings = {
				ALWAYS_SEARCH_USER_PATHS = NO;
				CLANG_ANALYZER_NONNULL = YES;
				CLANG_ANALYZER_NUMBER_OBJECT_CONVERSION = YES_AGGRESSIVE;
				CLANG_CXX_LANGUAGE_STANDARD = "gnu++17";
				CLANG_ENABLE_MODULES = YES;
				CLANG_ENABLE_OBJC_ARC = YES;
				CLANG_ENABLE_OBJC_WEAK = YES;
				CLANG_WARN_BLOCK_CAPTURE_AUTORELEASING = YES;
				CLANG_WARN_BOOL_CONVERSION = YES;
				CLANG_WARN_COMMA = YES;
				CLANG_WARN_CONSTANT_CONVERSION = YES;
				CLANG_WARN_DEPRECATED_OBJC_IMPLEMENTATIONS = YES;
				CLANG_WARN_DIRECT_OBJC_ISA_USAGE = YES_ERROR;
				CLANG_WARN_DOCUMENTATION_COMMENTS = YES;
				CLANG_WARN_EMPTY_BODY = YES;
				CLANG_WARN_ENUM_CONVERSION = YES;
				CLANG_WARN_INFINITE_RECURSION = YES;
				CLANG_WARN_INT_CONVERSION = YES;
				CLANG_WARN_NON_LITERAL_NULL_CONVERSION = YES;
				CLANG_WARN_OBJC_IMPLICIT_RETAIN_SELF = YES;
				CLANG_WARN_OBJC_LITERAL_CONVERSION = YES;
				CLANG_WARN_OBJC_ROOT_CLASS = YES_ERROR;
				CLANG_WARN_QUOTED_INCLUDE_IN_FRAMEWORK_HEADER = YES;
				CLANG_WARN_RANGE_LOOP_ANALYSIS = YES;
				CLANG_WARN_STRICT_PROTOTYPES = YES;
				CLANG_WARN_SUSPICIOUS_MOVE = YES;
				CLANG_WARN_UNGUARDED_AVAILABILITY = YES_AGGRESSIVE;
				CLANG_WARN_UNREACHABLE_CODE = YES;
				CLANG_WARN__DUPLICATE_METHOD_MATCH = YES;
				COPY_PHASE_STRIP = NO;
				DEBUG_INFORMATION_FORMAT = dwarf;
				ENABLE_STRICT_OBJC_MSGSEND = YES;
				ENABLE_TESTABILITY = YES;
				GCC_C_LANGUAGE_STANDARD = gnu11;
				GCC_DYNAMIC_NO_PIC = NO;
				GCC_NO_COMMON_BLOCKS = YES;
				GCC_OPTIMIZATION_LEVEL = 0;
				GCC_PREPROCESSOR_DEFINITIONS = (
					"DEBUG=1",
					"$(inherited)",
				);
				GCC_WARN_64_TO_32_BIT_CONVERSION = YES;
				GCC_WARN_ABOUT_RETURN_TYPE = YES_ERROR;
				GCC_WARN_UNDECLARED_SELECTOR = YES;
				GCC_WARN_UNINITIALIZED_AUTOS = YES_AGGRESSIVE;
				GCC_WARN_UNUSED_FUNCTION = YES;
				GCC_WARN_UNUSED_VARIABLE = YES;
				IPHONEOS_DEPLOYMENT_TARGET = 15.4;
				MTL_ENABLE_DEBUG_INFO = INCLUDE_SOURCE;
				MTL_FAST_MATH = YES;
				ONLY_ACTIVE_ARCH = YES;
				SDKROOT = iphoneos;
				SWIFT_ACTIVE_COMPILATION_CONDITIONS = DEBUG;
				SWIFT_OPTIMIZATION_LEVEL = "-Onone";
			};
			name = Debug;
		};
		5E417989287F9187008E9811 /* Release */ = {
			isa = XCBuildConfiguration;
			buildSettings = {
				ALWAYS_SEARCH_USER_PATHS = NO;
				CLANG_ANALYZER_NONNULL = YES;
				CLANG_ANALYZER_NUMBER_OBJECT_CONVERSION = YES_AGGRESSIVE;
				CLANG_CXX_LANGUAGE_STANDARD = "gnu++17";
				CLANG_ENABLE_MODULES = YES;
				CLANG_ENABLE_OBJC_ARC = YES;
				CLANG_ENABLE_OBJC_WEAK = YES;
				CLANG_WARN_BLOCK_CAPTURE_AUTORELEASING = YES;
				CLANG_WARN_BOOL_CONVERSION = YES;
				CLANG_WARN_COMMA = YES;
				CLANG_WARN_CONSTANT_CONVERSION = YES;
				CLANG_WARN_DEPRECATED_OBJC_IMPLEMENTATIONS = YES;
				CLANG_WARN_DIRECT_OBJC_ISA_USAGE = YES_ERROR;
				CLANG_WARN_DOCUMENTATION_COMMENTS = YES;
				CLANG_WARN_EMPTY_BODY = YES;
				CLANG_WARN_ENUM_CONVERSION = YES;
				CLANG_WARN_INFINITE_RECURSION = YES;
				CLANG_WARN_INT_CONVERSION = YES;
				CLANG_WARN_NON_LITERAL_NULL_CONVERSION = YES;
				CLANG_WARN_OBJC_IMPLICIT_RETAIN_SELF = YES;
				CLANG_WARN_OBJC_LITERAL_CONVERSION = YES;
				CLANG_WARN_OBJC_ROOT_CLASS = YES_ERROR;
				CLANG_WARN_QUOTED_INCLUDE_IN_FRAMEWORK_HEADER = YES;
				CLANG_WARN_RANGE_LOOP_ANALYSIS = YES;
				CLANG_WARN_STRICT_PROTOTYPES = YES;
				CLANG_WARN_SUSPICIOUS_MOVE = YES;
				CLANG_WARN_UNGUARDED_AVAILABILITY = YES_AGGRESSIVE;
				CLANG_WARN_UNREACHABLE_CODE = YES;
				CLANG_WARN__DUPLICATE_METHOD_MATCH = YES;
				COPY_PHASE_STRIP = NO;
				DEBUG_INFORMATION_FORMAT = "dwarf-with-dsym";
				ENABLE_NS_ASSERTIONS = NO;
				ENABLE_STRICT_OBJC_MSGSEND = YES;
				GCC_C_LANGUAGE_STANDARD = gnu11;
				GCC_NO_COMMON_BLOCKS = YES;
				GCC_WARN_64_TO_32_BIT_CONVERSION = YES;
				GCC_WARN_ABOUT_RETURN_TYPE = YES_ERROR;
				GCC_WARN_UNDECLARED_SELECTOR = YES;
				GCC_WARN_UNINITIALIZED_AUTOS = YES_AGGRESSIVE;
				GCC_WARN_UNUSED_FUNCTION = YES;
				GCC_WARN_UNUSED_VARIABLE = YES;
				IPHONEOS_DEPLOYMENT_TARGET = 15.4;
				MTL_ENABLE_DEBUG_INFO = NO;
				MTL_FAST_MATH = YES;
				SDKROOT = iphoneos;
				SWIFT_COMPILATION_MODE = wholemodule;
				SWIFT_OPTIMIZATION_LEVEL = "-O";
				VALIDATE_PRODUCT = YES;
			};
			name = Release;
		};
		5E41798B287F9187008E9811 /* Debug */ = {
			isa = XCBuildConfiguration;
			buildSettings = {
				ASSETCATALOG_COMPILER_APPICON_NAME = AppIcon;
				ASSETCATALOG_COMPILER_GLOBAL_ACCENT_COLOR_NAME = AccentColor;
				CODE_SIGN_STYLE = Automatic;
				CURRENT_PROJECT_VERSION = 1;
				DEVELOPMENT_ASSET_PATHS = "\"HostApp/Preview Content\"";
				DEVELOPMENT_TEAM = G3Q4R66M4R;
				ENABLE_PREVIEWS = YES;
				GENERATE_INFOPLIST_FILE = YES;
				INFOPLIST_KEY_UIApplicationSceneManifest_Generation = YES;
				INFOPLIST_KEY_UIApplicationSupportsIndirectInputEvents = YES;
				INFOPLIST_KEY_UILaunchScreen_Generation = YES;
				INFOPLIST_KEY_UISupportedInterfaceOrientations_iPad = "UIInterfaceOrientationPortrait UIInterfaceOrientationPortraitUpsideDown UIInterfaceOrientationLandscapeLeft UIInterfaceOrientationLandscapeRight";
				INFOPLIST_KEY_UISupportedInterfaceOrientations_iPhone = "UIInterfaceOrientationPortrait UIInterfaceOrientationLandscapeLeft UIInterfaceOrientationLandscapeRight";
				LD_RUNPATH_SEARCH_PATHS = (
					"$(inherited)",
					"@executable_path/Frameworks",
				);
				MARKETING_VERSION = 1.0;
				PRODUCT_BUNDLE_IDENTIFIER = io.atierian.HostApp;
				PRODUCT_NAME = "$(TARGET_NAME)";
				SWIFT_EMIT_LOC_STRINGS = YES;
				SWIFT_VERSION = 5.0;
				TARGETED_DEVICE_FAMILY = "1,2";
			};
			name = Debug;
		};
		5E41798C287F9187008E9811 /* Release */ = {
			isa = XCBuildConfiguration;
			buildSettings = {
				ASSETCATALOG_COMPILER_APPICON_NAME = AppIcon;
				ASSETCATALOG_COMPILER_GLOBAL_ACCENT_COLOR_NAME = AccentColor;
				CODE_SIGN_STYLE = Automatic;
				CURRENT_PROJECT_VERSION = 1;
				DEVELOPMENT_ASSET_PATHS = "\"HostApp/Preview Content\"";
				DEVELOPMENT_TEAM = G3Q4R66M4R;
				ENABLE_PREVIEWS = YES;
				GENERATE_INFOPLIST_FILE = YES;
				INFOPLIST_KEY_UIApplicationSceneManifest_Generation = YES;
				INFOPLIST_KEY_UIApplicationSupportsIndirectInputEvents = YES;
				INFOPLIST_KEY_UILaunchScreen_Generation = YES;
				INFOPLIST_KEY_UISupportedInterfaceOrientations_iPad = "UIInterfaceOrientationPortrait UIInterfaceOrientationPortraitUpsideDown UIInterfaceOrientationLandscapeLeft UIInterfaceOrientationLandscapeRight";
				INFOPLIST_KEY_UISupportedInterfaceOrientations_iPhone = "UIInterfaceOrientationPortrait UIInterfaceOrientationLandscapeLeft UIInterfaceOrientationLandscapeRight";
				LD_RUNPATH_SEARCH_PATHS = (
					"$(inherited)",
					"@executable_path/Frameworks",
				);
				MARKETING_VERSION = 1.0;
				PRODUCT_BUNDLE_IDENTIFIER = io.atierian.HostApp;
				PRODUCT_NAME = "$(TARGET_NAME)";
				SWIFT_EMIT_LOC_STRINGS = YES;
				SWIFT_VERSION = 5.0;
				TARGETED_DEVICE_FAMILY = "1,2";
			};
			name = Release;
		};
		5E41798E287F9187008E9811 /* Debug */ = {
			isa = XCBuildConfiguration;
			buildSettings = {
				ALWAYS_EMBED_SWIFT_STANDARD_LIBRARIES = YES;
				BUNDLE_LOADER = "$(TEST_HOST)";
				CODE_SIGN_STYLE = Automatic;
				CURRENT_PROJECT_VERSION = 1;
				DEVELOPMENT_TEAM = G3Q4R66M4R;
				GENERATE_INFOPLIST_FILE = YES;
				IPHONEOS_DEPLOYMENT_TARGET = 15.4;
				MARKETING_VERSION = 1.0;
				PRODUCT_BUNDLE_IDENTIFIER = io.atierian.HostAppTests;
				PRODUCT_NAME = "$(TARGET_NAME)";
				SWIFT_EMIT_LOC_STRINGS = NO;
				SWIFT_VERSION = 5.0;
				TARGETED_DEVICE_FAMILY = "1,2";
				TEST_HOST = "$(BUILT_PRODUCTS_DIR)/HostApp.app/HostApp";
			};
			name = Debug;
		};
		5E41798F287F9187008E9811 /* Release */ = {
			isa = XCBuildConfiguration;
			buildSettings = {
				ALWAYS_EMBED_SWIFT_STANDARD_LIBRARIES = YES;
				BUNDLE_LOADER = "$(TEST_HOST)";
				CODE_SIGN_STYLE = Automatic;
				CURRENT_PROJECT_VERSION = 1;
				DEVELOPMENT_TEAM = G3Q4R66M4R;
				GENERATE_INFOPLIST_FILE = YES;
				IPHONEOS_DEPLOYMENT_TARGET = 15.4;
				MARKETING_VERSION = 1.0;
				PRODUCT_BUNDLE_IDENTIFIER = io.atierian.HostAppTests;
				PRODUCT_NAME = "$(TARGET_NAME)";
				SWIFT_EMIT_LOC_STRINGS = NO;
				SWIFT_VERSION = 5.0;
				TARGETED_DEVICE_FAMILY = "1,2";
				TEST_HOST = "$(BUILT_PRODUCTS_DIR)/HostApp.app/HostApp";
			};
			name = Release;
		};
		5E417991287F9187008E9811 /* Debug */ = {
			isa = XCBuildConfiguration;
			buildSettings = {
				ALWAYS_EMBED_SWIFT_STANDARD_LIBRARIES = YES;
				CODE_SIGN_STYLE = Automatic;
				CURRENT_PROJECT_VERSION = 1;
				DEVELOPMENT_TEAM = G3Q4R66M4R;
				GENERATE_INFOPLIST_FILE = YES;
				MARKETING_VERSION = 1.0;
				PRODUCT_BUNDLE_IDENTIFIER = io.atierian.HostAppUITests;
				PRODUCT_NAME = "$(TARGET_NAME)";
				SWIFT_EMIT_LOC_STRINGS = NO;
				SWIFT_VERSION = 5.0;
				TARGETED_DEVICE_FAMILY = "1,2";
				TEST_TARGET_NAME = HostApp;
			};
			name = Debug;
		};
		5E417992287F9187008E9811 /* Release */ = {
			isa = XCBuildConfiguration;
			buildSettings = {
				ALWAYS_EMBED_SWIFT_STANDARD_LIBRARIES = YES;
				CODE_SIGN_STYLE = Automatic;
				CURRENT_PROJECT_VERSION = 1;
				DEVELOPMENT_TEAM = G3Q4R66M4R;
				GENERATE_INFOPLIST_FILE = YES;
				MARKETING_VERSION = 1.0;
				PRODUCT_BUNDLE_IDENTIFIER = io.atierian.HostAppUITests;
				PRODUCT_NAME = "$(TARGET_NAME)";
				SWIFT_EMIT_LOC_STRINGS = NO;
				SWIFT_VERSION = 5.0;
				TARGETED_DEVICE_FAMILY = "1,2";
				TEST_TARGET_NAME = HostApp;
			};
			name = Release;
		};
/* End XCBuildConfiguration section */

/* Begin XCConfigurationList section */
		5E417961287F9186008E9811 /* Build configuration list for PBXProject "HostApp" */ = {
			isa = XCConfigurationList;
			buildConfigurations = (
				5E417988287F9187008E9811 /* Debug */,
				5E417989287F9187008E9811 /* Release */,
			);
			defaultConfigurationIsVisible = 0;
			defaultConfigurationName = Release;
		};
		5E41798A287F9187008E9811 /* Build configuration list for PBXNativeTarget "HostApp" */ = {
			isa = XCConfigurationList;
			buildConfigurations = (
				5E41798B287F9187008E9811 /* Debug */,
				5E41798C287F9187008E9811 /* Release */,
			);
			defaultConfigurationIsVisible = 0;
			defaultConfigurationName = Release;
		};
		5E41798D287F9187008E9811 /* Build configuration list for PBXNativeTarget "HostAppTests" */ = {
			isa = XCConfigurationList;
			buildConfigurations = (
				5E41798E287F9187008E9811 /* Debug */,
				5E41798F287F9187008E9811 /* Release */,
			);
			defaultConfigurationIsVisible = 0;
			defaultConfigurationName = Release;
		};
		5E417990287F9187008E9811 /* Build configuration list for PBXNativeTarget "HostAppUITests" */ = {
			isa = XCConfigurationList;
			buildConfigurations = (
				5E417991287F9187008E9811 /* Debug */,
				5E417992287F9187008E9811 /* Release */,
			);
			defaultConfigurationIsVisible = 0;
			defaultConfigurationName = Release;
		};
/* End XCConfigurationList section */

/* Begin XCSwiftPackageProductDependency section */
		5E417995287F9206008E9811 /* Lager */ = {
			isa = XCSwiftPackageProductDependency;
			productName = Lager;
		};
/* End XCSwiftPackageProductDependency section */
	};
	rootObject = 5E41795E287F9186008E9811 /* Project object */;
}
